{
  "name": "test-prisma-log",
  "version": "1.0.0",
  "lockfileVersion": 2,
  "requires": true,
  "packages": {
    "": {
      "name": "test-prisma-log",
      "version": "1.0.0",
      "license": "ISC",
      "dependencies": {
        "@prisma/client": "^3.11.0",
        "fs": "*",
        "prisma": "^3.11.0",
        "prisma-query-log": "^3.1.0"
      },
      "engines": {
        "node": "15.x",
        "npm": "7.7.x"
      }
    },
    "node_modules/@prisma/client": {
      "version": "3.11.0",
      "resolved": "https://registry.npmjs.org/@prisma/client/-/client-3.11.0.tgz",
      "integrity": "sha512-d42o/tlalaWMmNOR4r5BiR6YYTYEV82eZ2lNKOm5ht3WyYwI9e+zy2MyZnNO4Fx5e08RAhW+GRVcEgKl5faUaQ==",
      "hasInstallScript": true,
      "dependencies": {
        "@prisma/engines-version": "3.11.0-48.b371888aaf8f51357c7457d836b86d12da91658b"
      },
      "engines": {
        "node": ">=12.6"
      },
      "peerDependencies": {
        "prisma": "*"
      },
      "peerDependenciesMeta": {
        "prisma": {
          "optional": true
        }
      }
    },
    "node_modules/@prisma/engines": {
      "version": "3.11.0-48.b371888aaf8f51357c7457d836b86d12da91658b",
      "resolved": "https://registry.npmjs.org/@prisma/engines/-/engines-3.11.0-48.b371888aaf8f51357c7457d836b86d12da91658b.tgz",
      "integrity": "sha512-m9iZd5F5vP6A2IvKWfHpOO/qK8OOO9nbsV/pdyEkF/1WNe0E8SIWFBKb+HcMLkG9OFbDDBy8QItXmp/mIULuwQ==",
      "hasInstallScript": true
    },
    "node_modules/@prisma/engines-version": {
      "version": "3.11.0-48.b371888aaf8f51357c7457d836b86d12da91658b",
      "resolved": "https://registry.npmjs.org/@prisma/engines-version/-/engines-version-3.11.0-48.b371888aaf8f51357c7457d836b86d12da91658b.tgz",
      "integrity": "sha512-bhMW1XybXZyqCf+9QqjP7Oi7xgVHcISVyOZNMm51qeZsy12M1RtHaCcXUFeMMV0JOCZZuPFVr3+0KVpQqK35CQ=="
    },
    "node_modules/@sqltools/formatter": {
      "version": "1.2.3",
      "resolved": "https://registry.npmjs.org/@sqltools/formatter/-/formatter-1.2.3.tgz",
      "integrity": "sha512-O3uyB/JbkAEMZaP3YqyHH7TMnex7tWyCbCI4EfJdOCoN6HIhqdJBWTM6aCCiWQ/5f5wxjgU735QAIpJbjDvmzg=="
    },
    "node_modules/fs": {
      "version": "0.0.1-security",
      "resolved": "https://registry.npmjs.org/fs/-/fs-0.0.1-security.tgz",
      "integrity": "sha1-invTcYa23d84E/I4WLV+yq9eQdQ="
    },
    "node_modules/prisma": {
      "version": "3.11.0",
      "resolved": "https://registry.npmjs.org/prisma/-/prisma-3.11.0.tgz",
      "integrity": "sha512-8SdsLPhKR3mOfoo2o73h9mNn3v5kA/RqGA26Sv6qDS78Eh2uepPqt5e8/nwj5EOblYm5HEGuitaXQrOCLb6uTw==",
      "hasInstallScript": true,
      "dependencies": {
        "@prisma/engines": "3.11.0-48.b371888aaf8f51357c7457d836b86d12da91658b"
      },
      "bin": {
        "prisma": "build/index.js",
        "prisma2": "build/index.js"
      },
      "engines": {
        "node": ">=12.6"
      }
    },
    "node_modules/prisma-query-log": {
      "version": "3.1.0",
      "resolved": "https://registry.npmjs.org/prisma-query-log/-/prisma-query-log-3.1.0.tgz",
      "integrity": "sha512-4FoPY+8MI16MGkEoxQKpWcBbpubNoUWeINDLnXc/nLVkQEEyImfbPZ7cnHf2Q1WE2cRulRSDxA3mE6Dnzko/LA==",
      "dependencies": {
        "@sqltools/formatter": "^1.2.3"
      }
    }
  },
  "dependencies": {
    "@prisma/client": {
      "version": "3.11.0",
      "resolved": "https://registry.npmjs.org/@prisma/client/-/client-3.11.0.tgz",
      "integrity": "sha512-d42o/tlalaWMmNOR4r5BiR6YYTYEV82eZ2lNKOm5ht3WyYwI9e+zy2MyZnNO4Fx5e08RAhW+GRVcEgKl5faUaQ==",
      "requires": {
        "@prisma/engines-version": "3.11.0-48.b371888aaf8f51357c7457d836b86d12da91658b"
      }
    },
    "@prisma/engines": {
      "version": "3.11.0-48.b371888aaf8f51357c7457d836b86d12da91658b",
      "resolved": "https://registry.npmjs.org/@prisma/engines/-/engines-3.11.0-48.b371888aaf8f51357c7457d836b86d12da91658b.tgz",
      "integrity": "sha512-m9iZd5F5vP6A2IvKWfHpOO/qK8OOO9nbsV/pdyEkF/1WNe0E8SIWFBKb+HcMLkG9OFbDDBy8QItXmp/mIULuwQ=="
    },
    "@prisma/engines-version": {
      "version": "3.11.0-48.b371888aaf8f51357c7457d836b86d12da91658b",
      "resolved": "https://registry.npmjs.org/@prisma/engines-version/-/engines-version-3.11.0-48.b371888aaf8f51357c7457d836b86d12da91658b.tgz",
      "integrity": "sha512-bhMW1XybXZyqCf+9QqjP7Oi7xgVHcISVyOZNMm51qeZsy12M1RtHaCcXUFeMMV0JOCZZuPFVr3+0KVpQqK35CQ=="
    },
    "@sqltools/formatter": {
      "version": "1.2.3",
      "resolved": "https://registry.npmjs.org/@sqltools/formatter/-/formatter-1.2.3.tgz",
      "integrity": "sha512-O3uyB/JbkAEMZaP3YqyHH7TMnex7tWyCbCI4EfJdOCoN6HIhqdJBWTM6aCCiWQ/5f5wxjgU735QAIpJbjDvmzg=="
    },
    "fs": {
      "version": "0.0.1-security",
      "resolved": "https://registry.npmjs.org/fs/-/fs-0.0.1-security.tgz",
      "integrity": "sha1-invTcYa23d84E/I4WLV+yq9eQdQ="
    },
    "prisma": {
      "version": "3.11.0",
      "resolved": "https://registry.npmjs.org/prisma/-/prisma-3.11.0.tgz",
      "integrity": "sha512-8SdsLPhKR3mOfoo2o73h9mNn3v5kA/RqGA26Sv6qDS78Eh2uepPqt5e8/nwj5EOblYm5HEGuitaXQrOCLb6uTw==",
      "requires": {
        "@prisma/engines": "3.11.0-48.b371888aaf8f51357c7457d836b86d12da91658b"
      }
    },
    "prisma-query-log": {
      "version": "3.1.0",
      "resolved": "https://registry.npmjs.org/prisma-query-log/-/prisma-query-log-3.1.0.tgz",
      "integrity": "sha512-4FoPY+8MI16MGkEoxQKpWcBbpubNoUWeINDLnXc/nLVkQEEyImfbPZ7cnHf2Q1WE2cRulRSDxA3mE6Dnzko/LA==",
      "requires": {
        "@sqltools/formatter": "^1.2.3"
      }
    }
  }
}